// !$*UTF8*$!
{
	archiveVersion = 1;
	classes = {
	};
	objectVersion = 50;
	objects = {

/* Begin PBXBuildFile section */
		735E452922D9674E00B22A3C /* AppDelegate.m in Sources */ = {isa = PBXBuildFile; fileRef = 735E452822D9674E00B22A3C /* AppDelegate.m */; };
		735E452C22D9674E00B22A3C /* ViewController.m in Sources */ = {isa = PBXBuildFile; fileRef = 735E452B22D9674E00B22A3C /* ViewController.m */; };
		735E452F22D9674E00B22A3C /* Main.storyboard in Resources */ = {isa = PBXBuildFile; fileRef = 735E452D22D9674E00B22A3C /* Main.storyboard */; };
		735E453122D9675100B22A3C /* Assets.xcassets in Resources */ = {isa = PBXBuildFile; fileRef = 735E453022D9675100B22A3C /* Assets.xcassets */; };
		735E453422D9675100B22A3C /* LaunchScreen.storyboard in Resources */ = {isa = PBXBuildFile; fileRef = 735E453222D9675100B22A3C /* LaunchScreen.storyboard */; };
		735E453722D9675100B22A3C /* main.m in Sources */ = {isa = PBXBuildFile; fileRef = 735E453622D9675100B22A3C /* main.m */; };
		735E454122D9675100B22A3C /* SYPageControlViewTests.m in Sources */ = {isa = PBXBuildFile; fileRef = 735E454022D9675100B22A3C /* SYPageControlViewTests.m */; };
		735E454C22D9675100B22A3C /* SYPageControlViewUITests.m in Sources */ = {isa = PBXBuildFile; fileRef = 735E454B22D9675100B22A3C /* SYPageControlViewUITests.m */; };
		735E455B22D9677F00B22A3C /* SYPageControlView.m in Sources */ = {isa = PBXBuildFile; fileRef = 735E455A22D9677F00B22A3C /* SYPageControlView.m */; };
		735E455E22D9680B00B22A3C /* UIViewExt.m in Sources */ = {isa = PBXBuildFile; fileRef = 735E455C22D9680A00B22A3C /* UIViewExt.m */; };
		735E456122D9689300B22A3C /* FirstViewController.m in Sources */ = {isa = PBXBuildFile; fileRef = 735E456022D9689300B22A3C /* FirstViewController.m */; };
		735E456422D9689D00B22A3C /* SecondViewController.m in Sources */ = {isa = PBXBuildFile; fileRef = 735E456322D9689D00B22A3C /* SecondViewController.m */; };
		735E456722D968A500B22A3C /* ThirdViewController.m in Sources */ = {isa = PBXBuildFile; fileRef = 735E456622D968A500B22A3C /* ThirdViewController.m */; };
/* End PBXBuildFile section */

/* Begin PBXContainerItemProxy section */
		735E453D22D9675100B22A3C /* PBXContainerItemProxy */ = {
			isa = PBXContainerItemProxy;
			containerPortal = 735E451C22D9674E00B22A3C /* Project object */;
			proxyType = 1;
			remoteGlobalIDString = 735E452322D9674E00B22A3C;
			remoteInfo = SYPageControlView;
		};
		735E454822D9675100B22A3C /* PBXContainerItemProxy */ = {
			isa = PBXContainerItemProxy;
			containerPortal = 735E451C22D9674E00B22A3C /* Project object */;
			proxyType = 1;
			remoteGlobalIDString = 735E452322D9674E00B22A3C;
			remoteInfo = SYPageControlView;
		};
/* End PBXContainerItemProxy section */

/* Begin PBXFileReference section */
		735E452422D9674E00B22A3C /* SYPageControlView.app */ = {isa = PBXFileReference; explicitFileType = wrapper.application; includeInIndex = 0; path = SYPageControlView.app; sourceTree = BUILT_PRODUCTS_DIR; };
		735E452722D9674E00B22A3C /* AppDelegate.h */ = {isa = PBXFileReference; lastKnownFileType = sourcecode.c.h; path = AppDelegate.h; sourceTree = "<group>"; };
		735E452822D9674E00B22A3C /* AppDelegate.m */ = {isa = PBXFileReference; lastKnownFileType = sourcecode.c.objc; path = AppDelegate.m; sourceTree = "<group>"; };
		735E452A22D9674E00B22A3C /* ViewController.h */ = {isa = PBXFileReference; lastKnownFileType = sourcecode.c.h; path = ViewController.h; sourceTree = "<group>"; };
		735E452B22D9674E00B22A3C /* ViewController.m */ = {isa = PBXFileReference; lastKnownFileType = sourcecode.c.objc; path = ViewController.m; sourceTree = "<group>"; };
		735E452E22D9674E00B22A3C /* Base */ = {isa = PBXFileReference; lastKnownFileType = file.storyboard; name = Base; path = Base.lproj/Main.storyboard; sourceTree = "<group>"; };
		735E453022D9675100B22A3C /* Assets.xcassets */ = {isa = PBXFileReference; lastKnownFileType = folder.assetcatalog; path = Assets.xcassets; sourceTree = "<group>"; };
		735E453322D9675100B22A3C /* Base */ = {isa = PBXFileReference; lastKnownFileType = file.storyboard; name = Base; path = Base.lproj/LaunchScreen.storyboard; sourceTree = "<group>"; };
		735E453522D9675100B22A3C /* Info.plist */ = {isa = PBXFileReference; lastKnownFileType = text.plist.xml; path = Info.plist; sourceTree = "<group>"; };
		735E453622D9675100B22A3C /* main.m */ = {isa = PBXFileReference; lastKnownFileType = sourcecode.c.objc; path = main.m; sourceTree = "<group>"; };
		735E453C22D9675100B22A3C /* SYPageControlViewTests.xctest */ = {isa = PBXFileReference; explicitFileType = wrapper.cfbundle; includeInIndex = 0; path = SYPageControlViewTests.xctest; sourceTree = BUILT_PRODUCTS_DIR; };
		735E454022D9675100B22A3C /* SYPageControlViewTests.m */ = {isa = PBXFileReference; lastKnownFileType = sourcecode.c.objc; path = SYPageControlViewTests.m; sourceTree = "<group>"; };
		735E454222D9675100B22A3C /* Info.plist */ = {isa = PBXFileReference; lastKnownFileType = text.plist.xml; path = Info.plist; sourceTree = "<group>"; };
		735E454722D9675100B22A3C /* SYPageControlViewUITests.xctest */ = {isa = PBXFileReference; explicitFileType = wrapper.cfbundle; includeInIndex = 0; path = SYPageControlViewUITests.xctest; sourceTree = BUILT_PRODUCTS_DIR; };
		735E454B22D9675100B22A3C /* SYPageControlViewUITests.m */ = {isa = PBXFileReference; lastKnownFileType = sourcecode.c.objc; path = SYPageControlViewUITests.m; sourceTree = "<group>"; };
		735E454D22D9675100B22A3C /* Info.plist */ = {isa = PBXFileReference; lastKnownFileType = text.plist.xml; path = Info.plist; sourceTree = "<group>"; };
		735E455922D9677F00B22A3C /* SYPageControlView.h */ = {isa = PBXFileReference; fileEncoding = 4; lastKnownFileType = sourcecode.c.h; path = SYPageControlView.h; sourceTree = "<group>"; };
		735E455A22D9677F00B22A3C /* SYPageControlView.m */ = {isa = PBXFileReference; fileEncoding = 4; lastKnownFileType = sourcecode.c.objc; path = SYPageControlView.m; sourceTree = "<group>"; };
		735E455C22D9680A00B22A3C /* UIViewExt.m */ = {isa = PBXFileReference; fileEncoding = 4; lastKnownFileType = sourcecode.c.objc; path = UIViewExt.m; sourceTree = "<group>"; };
		735E455D22D9680B00B22A3C /* UIViewExt.h */ = {isa = PBXFileReference; fileEncoding = 4; lastKnownFileType = sourcecode.c.h; path = UIViewExt.h; sourceTree = "<group>"; };
		735E455F22D9689300B22A3C /* FirstViewController.h */ = {isa = PBXFileReference; lastKnownFileType = sourcecode.c.h; path = FirstViewController.h; sourceTree = "<group>"; };
		735E456022D9689300B22A3C /* FirstViewController.m */ = {isa = PBXFileReference; lastKnownFileType = sourcecode.c.objc; path = FirstViewController.m; sourceTree = "<group>"; };
		735E456222D9689D00B22A3C /* SecondViewController.h */ = {isa = PBXFileReference; lastKnownFileType = sourcecode.c.h; path = SecondViewController.h; sourceTree = "<group>"; };
		735E456322D9689D00B22A3C /* SecondViewController.m */ = {isa = PBXFileReference; lastKnownFileType = sourcecode.c.objc; path = SecondViewController.m; sourceTree = "<group>"; };
		735E456522D968A500B22A3C /* ThirdViewController.h */ = {isa = PBXFileReference; lastKnownFileType = sourcecode.c.h; path = ThirdViewController.h; sourceTree = "<group>"; };
		735E456622D968A500B22A3C /* ThirdViewController.m */ = {isa = PBXFileReference; lastKnownFileType = sourcecode.c.objc; path = ThirdViewController.m; sourceTree = "<group>"; };
/* End PBXFileReference section */

/* Begin PBXFrameworksBuildPhase section */
		735E452122D9674E00B22A3C /* Frameworks */ = {
			isa = PBXFrameworksBuildPhase;
			buildActionMask = 2147483647;
			files = (
			);
			runOnlyForDeploymentPostprocessing = 0;
		};
		735E453922D9675100B22A3C /* Frameworks */ = {
			isa = PBXFrameworksBuildPhase;
			buildActionMask = 2147483647;
			files = (
			);
			runOnlyForDeploymentPostprocessing = 0;
		};
		735E454422D9675100B22A3C /* Frameworks */ = {
			isa = PBXFrameworksBuildPhase;
			buildActionMask = 2147483647;
			files = (
			);
			runOnlyForDeploymentPostprocessing = 0;
		};
/* End PBXFrameworksBuildPhase section */

/* Begin PBXGroup section */
		735E451B22D9674E00B22A3C = {
			isa = PBXGroup;
			children = (
				735E452622D9674E00B22A3C /* SYPageControlView */,
				735E453F22D9675100B22A3C /* SYPageControlViewTests */,
				735E454A22D9675100B22A3C /* SYPageControlViewUITests */,
				735E452522D9674E00B22A3C /* Products */,
			);
			sourceTree = "<group>";
		};
		735E452522D9674E00B22A3C /* Products */ = {
			isa = PBXGroup;
			children = (
				735E452422D9674E00B22A3C /* SYPageControlView.app */,
				735E453C22D9675100B22A3C /* SYPageControlViewTests.xctest */,
				735E454722D9675100B22A3C /* SYPageControlViewUITests.xctest */,
			);
			name = Products;
			sourceTree = "<group>";
		};
		735E452622D9674E00B22A3C /* SYPageControlView */ = {
			isa = PBXGroup;
			children = (
				735E452722D9674E00B22A3C /* AppDelegate.h */,
				735E452822D9674E00B22A3C /* AppDelegate.m */,
				735E452A22D9674E00B22A3C /* ViewController.h */,
				735E452B22D9674E00B22A3C /* ViewController.m */,
				735E455922D9677F00B22A3C /* SYPageControlView.h */,
				735E455A22D9677F00B22A3C /* SYPageControlView.m */,
				735E455F22D9689300B22A3C /* FirstViewController.h */,
				735E456022D9689300B22A3C /* FirstViewController.m */,
				735E456222D9689D00B22A3C /* SecondViewController.h */,
				735E456322D9689D00B22A3C /* SecondViewController.m */,
				735E456522D968A500B22A3C /* ThirdViewController.h */,
				735E456622D968A500B22A3C /* ThirdViewController.m */,
				735E455D22D9680B00B22A3C /* UIViewExt.h */,
				735E455C22D9680A00B22A3C /* UIViewExt.m */,
				735E452D22D9674E00B22A3C /* Main.storyboard */,
				735E453022D9675100B22A3C /* Assets.xcassets */,
				735E453222D9675100B22A3C /* LaunchScreen.storyboard */,
				735E453522D9675100B22A3C /* Info.plist */,
				735E453622D9675100B22A3C /* main.m */,
			);
			path = SYPageControlView;
			sourceTree = "<group>";
		};
		735E453F22D9675100B22A3C /* SYPageControlViewTests */ = {
			isa = PBXGroup;
			children = (
				735E454022D9675100B22A3C /* SYPageControlViewTests.m */,
				735E454222D9675100B22A3C /* Info.plist */,
			);
			path = SYPageControlViewTests;
			sourceTree = "<group>";
		};
		735E454A22D9675100B22A3C /* SYPageControlViewUITests */ = {
			isa = PBXGroup;
			children = (
				735E454B22D9675100B22A3C /* SYPageControlViewUITests.m */,
				735E454D22D9675100B22A3C /* Info.plist */,
			);
			path = SYPageControlViewUITests;
			sourceTree = "<group>";
		};
/* End PBXGroup section */

/* Begin PBXNativeTarget section */
		735E452322D9674E00B22A3C /* SYPageControlView */ = {
			isa = PBXNativeTarget;
			buildConfigurationList = 735E455022D9675100B22A3C /* Build configuration list for PBXNativeTarget "SYPageControlView" */;
			buildPhases = (
				735E452022D9674E00B22A3C /* Sources */,
				735E452122D9674E00B22A3C /* Frameworks */,
				735E452222D9674E00B22A3C /* Resources */,
			);
			buildRules = (
			);
			dependencies = (
			);
			name = SYPageControlView;
			productName = SYPageControlView;
			productReference = 735E452422D9674E00B22A3C /* SYPageControlView.app */;
			productType = "com.apple.product-type.application";
		};
		735E453B22D9675100B22A3C /* SYPageControlViewTests */ = {
			isa = PBXNativeTarget;
			buildConfigurationList = 735E455322D9675100B22A3C /* Build configuration list for PBXNativeTarget "SYPageControlViewTests" */;
			buildPhases = (
				735E453822D9675100B22A3C /* Sources */,
				735E453922D9675100B22A3C /* Frameworks */,
				735E453A22D9675100B22A3C /* Resources */,
			);
			buildRules = (
			);
			dependencies = (
				735E453E22D9675100B22A3C /* PBXTargetDependency */,
			);
			name = SYPageControlViewTests;
			productName = SYPageControlViewTests;
			productReference = 735E453C22D9675100B22A3C /* SYPageControlViewTests.xctest */;
			productType = "com.apple.product-type.bundle.unit-test";
		};
		735E454622D9675100B22A3C /* SYPageControlViewUITests */ = {
			isa = PBXNativeTarget;
			buildConfigurationList = 735E455622D9675100B22A3C /* Build configuration list for PBXNativeTarget "SYPageControlViewUITests" */;
			buildPhases = (
				735E454322D9675100B22A3C /* Sources */,
				735E454422D9675100B22A3C /* Frameworks */,
				735E454522D9675100B22A3C /* Resources */,
			);
			buildRules = (
			);
			dependencies = (
				735E454922D9675100B22A3C /* PBXTargetDependency */,
			);
			name = SYPageControlViewUITests;
			productName = SYPageControlViewUITests;
			productReference = 735E454722D9675100B22A3C /* SYPageControlViewUITests.xctest */;
			productType = "com.apple.product-type.bundle.ui-testing";
		};
/* End PBXNativeTarget section */

/* Begin PBXProject section */
		735E451C22D9674E00B22A3C /* Project object */ = {
			isa = PBXProject;
			attributes = {
				LastUpgradeCheck = 1010;
				ORGANIZATIONNAME = shiyi.Li;
				TargetAttributes = {
					735E452322D9674E00B22A3C = {
						CreatedOnToolsVersion = 10.1;
					};
					735E453B22D9675100B22A3C = {
						CreatedOnToolsVersion = 10.1;
						TestTargetID = 735E452322D9674E00B22A3C;
					};
					735E454622D9675100B22A3C = {
						CreatedOnToolsVersion = 10.1;
						TestTargetID = 735E452322D9674E00B22A3C;
					};
				};
			};
			buildConfigurationList = 735E451F22D9674E00B22A3C /* Build configuration list for PBXProject "SYPageControlView" */;
			compatibilityVersion = "Xcode 9.3";
			developmentRegion = en;
			hasScannedForEncodings = 0;
			knownRegions = (
				en,
				Base,
			);
			mainGroup = 735E451B22D9674E00B22A3C;
			productRefGroup = 735E452522D9674E00B22A3C /* Products */;
			projectDirPath = "";
			projectRoot = "";
			targets = (
				735E452322D9674E00B22A3C /* SYPageControlView */,
				735E453B22D9675100B22A3C /* SYPageControlViewTests */,
				735E454622D9675100B22A3C /* SYPageControlViewUITests */,
			);
		};
/* End PBXProject section */

/* Begin PBXResourcesBuildPhase section */
		735E452222D9674E00B22A3C /* Resources */ = {
			isa = PBXResourcesBuildPhase;
			buildActionMask = 2147483647;
			files = (
				735E453422D9675100B22A3C /* LaunchScreen.storyboard in Resources */,
				735E453122D9675100B22A3C /* Assets.xcassets in Resources */,
				735E452F22D9674E00B22A3C /* Main.storyboard in Resources */,
			);
			runOnlyForDeploymentPostprocessing = 0;
		};
		735E453A22D9675100B22A3C /* Resources */ = {
			isa = PBXResourcesBuildPhase;
			buildActionMask = 2147483647;
			files = (
			);
			runOnlyForDeploymentPostprocessing = 0;
		};
		735E454522D9675100B22A3C /* Resources */ = {
			isa = PBXResourcesBuildPhase;
			buildActionMask = 2147483647;
			files = (
			);
			runOnlyForDeploymentPostprocessing = 0;
		};
/* End PBXResourcesBuildPhase section */

/* Begin PBXSourcesBuildPhase section */
		735E452022D9674E00B22A3C /* Sources */ = {
			isa = PBXSourcesBuildPhase;
			buildActionMask = 2147483647;
			files = (
				735E455B22D9677F00B22A3C /* SYPageControlView.m in Sources */,
				735E456122D9689300B22A3C /* FirstViewController.m in Sources */,
				735E456722D968A500B22A3C /* ThirdViewController.m in Sources */,
				735E452C22D9674E00B22A3C /* ViewController.m in Sources */,
				735E456422D9689D00B22A3C /* SecondViewController.m in Sources */,
				735E455E22D9680B00B22A3C /* UIViewExt.m in Sources */,
				735E453722D9675100B22A3C /* main.m in Sources */,
				735E452922D9674E00B22A3C /* AppDelegate.m in Sources */,
			);
			runOnlyForDeploymentPostprocessing = 0;
		};
		735E453822D9675100B22A3C /* Sources */ = {
			isa = PBXSourcesBuildPhase;
			buildActionMask = 2147483647;
			files = (
				735E454122D9675100B22A3C /* SYPageControlViewTests.m in Sources */,
			);
			runOnlyForDeploymentPostprocessing = 0;
		};
		735E454322D9675100B22A3C /* Sources */ = {
			isa = PBXSourcesBuildPhase;
			buildActionMask = 2147483647;
			files = (
				735E454C22D9675100B22A3C /* SYPageControlViewUITests.m in Sources */,
			);
			runOnlyForDeploymentPostprocessing = 0;
		};
/* End PBXSourcesBuildPhase section */

/* Begin PBXTargetDependency section */
		735E453E22D9675100B22A3C /* PBXTargetDependency */ = {
			isa = PBXTargetDependency;
			target = 735E452322D9674E00B22A3C /* SYPageControlView */;
			targetProxy = 735E453D22D9675100B22A3C /* PBXContainerItemProxy */;
		};
		735E454922D9675100B22A3C /* PBXTargetDependency */ = {
			isa = PBXTargetDependency;
			target = 735E452322D9674E00B22A3C /* SYPageControlView */;
			targetProxy = 735E454822D9675100B22A3C /* PBXContainerItemProxy */;
		};
/* End PBXTargetDependency section */

/* Begin PBXVariantGroup section */
		735E452D22D9674E00B22A3C /* Main.storyboard */ = {
			isa = PBXVariantGroup;
			children = (
				735E452E22D9674E00B22A3C /* Base */,
			);
			name = Main.storyboard;
			sourceTree = "<group>";
		};
		735E453222D9675100B22A3C /* LaunchScreen.storyboard */ = {
			isa = PBXVariantGroup;
			children = (
				735E453322D9675100B22A3C /* Base */,
			);
			name = LaunchScreen.storyboard;
			sourceTree = "<group>";
		};
/* End PBXVariantGroup section */

/* Begin XCBuildConfiguration section */
		735E454E22D9675100B22A3C /* Debug */ = {
			isa = XCBuildConfiguration;
			buildSettings = {
				ALWAYS_SEARCH_USER_PATHS = NO;
				CLANG_ANALYZER_NONNULL = YES;
				CLANG_ANALYZER_NUMBER_OBJECT_CONVERSION = YES_AGGRESSIVE;
				CLANG_CXX_LANGUAGE_STANDARD = "gnu++14";
				CLANG_CXX_LIBRARY = "libc++";
				CLANG_ENABLE_MODULES = YES;
				CLANG_ENABLE_OBJC_ARC = YES;
				CLANG_ENABLE_OBJC_WEAK = YES;
				CLANG_WARN_BLOCK_CAPTURE_AUTORELEASING = YES;
				CLANG_WARN_BOOL_CONVERSION = YES;
				CLANG_WARN_COMMA = YES;
				CLANG_WARN_CONSTANT_CONVERSION = YES;
				CLANG_WARN_DEPRECATED_OBJC_IMPLEMENTATIONS = YES;
				CLANG_WARN_DIRECT_OBJC_ISA_USAGE = YES_ERROR;
				CLANG_WARN_DOCUMENTATION_COMMENTS = YES;
				CLANG_WARN_EMPTY_BODY = YES;
				CLANG_WARN_ENUM_CONVERSION = YES;
				CLANG_WARN_INFINITE_RECURSION = YES;
				CLANG_WARN_INT_CONVERSION = YES;
				CLANG_WARN_NON_LITERAL_NULL_CONVERSION = YES;
				CLANG_WARN_OBJC_IMPLICIT_RETAIN_SELF = YES;
				CLANG_WARN_OBJC_LITERAL_CONVERSION = YES;
				CLANG_WARN_OBJC_ROOT_CLASS = YES_ERROR;
				CLANG_WARN_RANGE_LOOP_ANALYSIS = YES;
				CLANG_WARN_STRICT_PROTOTYPES = YES;
				CLANG_WARN_SUSPICIOUS_MOVE = YES;
				CLANG_WARN_UNGUARDED_AVAILABILITY = YES_AGGRESSIVE;
				CLANG_WARN_UNREACHABLE_CODE = YES;
				CLANG_WARN__DUPLICATE_METHOD_MATCH = YES;
				CODE_SIGN_IDENTITY = "iPhone Developer";
				COPY_PHASE_STRIP = NO;
				DEBUG_INFORMATION_FORMAT = dwarf;
				ENABLE_STRICT_OBJC_MSGSEND = YES;
				ENABLE_TESTABILITY = YES;
				GCC_C_LANGUAGE_STANDARD = gnu11;
				GCC_DYNAMIC_NO_PIC = NO;
				GCC_NO_COMMON_BLOCKS = YES;
				GCC_OPTIMIZATION_LEVEL = 0;
				GCC_PREPROCESSOR_DEFINITIONS = (
					"DEBUG=1",
					"$(inherited)",
				);
				GCC_WARN_64_TO_32_BIT_CONVERSION = YES;
				GCC_WARN_ABOUT_RETURN_TYPE = YES_ERROR;
				GCC_WARN_UNDECLARED_SELECTOR = YES;
				GCC_WARN_UNINITIALIZED_AUTOS = YES_AGGRESSIVE;
				GCC_WARN_UNUSED_FUNCTION = YES;
				GCC_WARN_UNUSED_VARIABLE = YES;
				IPHONEOS_DEPLOYMENT_TARGET = 12.1;
				MTL_ENABLE_DEBUG_INFO = INCLUDE_SOURCE;
				MTL_FAST_MATH = YES;
				ONLY_ACTIVE_ARCH = YES;
				SDKROOT = iphoneos;
			};
			name = Debug;
		};
		735E454F22D9675100B22A3C /* Release */ = {
			isa = XCBuildConfiguration;
			buildSettings = {
				ALWAYS_SEARCH_USER_PATHS = NO;
				CLANG_ANALYZER_NONNULL = YES;
				CLANG_ANALYZER_NUMBER_OBJECT_CONVERSION = YES_AGGRESSIVE;
				CLANG_CXX_LANGUAGE_STANDARD = "gnu++14";
				CLANG_CXX_LIBRARY = "libc++";
				CLANG_ENABLE_MODULES = YES;
				CLANG_ENABLE_OBJC_ARC = YES;
				CLANG_ENABLE_OBJC_WEAK = YES;
				CLANG_WARN_BLOCK_CAPTURE_AUTORELEASING = YES;
				CLANG_WARN_BOOL_CONVERSION = YES;
				CLANG_WARN_COMMA = YES;
				CLANG_WARN_CONSTANT_CONVERSION = YES;
				CLANG_WARN_DEPRECATED_OBJC_IMPLEMENTATIONS = YES;
				CLANG_WARN_DIRECT_OBJC_ISA_USAGE = YES_ERROR;
				CLANG_WARN_DOCUMENTATION_COMMENTS = YES;
				CLANG_WARN_EMPTY_BODY = YES;
				CLANG_WARN_ENUM_CONVERSION = YES;
				CLANG_WARN_INFINITE_RECURSION = YES;
				CLANG_WARN_INT_CONVERSION = YES;
				CLANG_WARN_NON_LITERAL_NULL_CONVERSION = YES;
				CLANG_WARN_OBJC_IMPLICIT_RETAIN_SELF = YES;
				CLANG_WARN_OBJC_LITERAL_CONVERSION = YES;
				CLANG_WARN_OBJC_ROOT_CLASS = YES_ERROR;
				CLANG_WARN_RANGE_LOOP_ANALYSIS = YES;
				CLANG_WARN_STRICT_PROTOTYPES = YES;
				CLANG_WARN_SUSPICIOUS_MOVE = YES;
				CLANG_WARN_UNGUARDED_AVAILABILITY = YES_AGGRESSIVE;
				CLANG_WARN_UNREACHABLE_CODE = YES;
				CLANG_WARN__DUPLICATE_METHOD_MATCH = YES;
				CODE_SIGN_IDENTITY = "iPhone Developer";
				COPY_PHASE_STRIP = NO;
				DEBUG_INFORMATION_FORMAT = "dwarf-with-dsym";
				ENABLE_NS_ASSERTIONS = NO;
				ENABLE_STRICT_OBJC_MSGSEND = YES;
				GCC_C_LANGUAGE_STANDARD = gnu11;
				GCC_NO_COMMON_BLOCKS = YES;
				GCC_WARN_64_TO_32_BIT_CONVERSION = YES;
				GCC_WARN_ABOUT_RETURN_TYPE = YES_ERROR;
				GCC_WARN_UNDECLARED_SELECTOR = YES;
				GCC_WARN_UNINITIALIZED_AUTOS = YES_AGGRESSIVE;
				GCC_WARN_UNUSED_FUNCTION = YES;
				GCC_WARN_UNUSED_VARIABLE = YES;
				IPHONEOS_DEPLOYMENT_TARGET = 12.1;
				MTL_ENABLE_DEBUG_INFO = NO;
				MTL_FAST_MATH = YES;
				SDKROOT = iphoneos;
				VALIDATE_PRODUCT = YES;
			};
			name = Release;
		};
		735E455122D9675100B22A3C /* Debug */ = {
			isa = XCBuildConfiguration;
			buildSettings = {
				ASSETCATALOG_COMPILER_APPICON_NAME = AppIcon;
				CODE_SIGN_STYLE = Automatic;
				DEVELOPMENT_TEAM = GURX554A9Q;
				INFOPLIST_FILE = SYPageControlView/Info.plist;
				LD_RUNPATH_SEARCH_PATHS = (
					"$(inherited)",
					"@executable_path/Frameworks",
				);
				PRODUCT_BUNDLE_IDENTIFIER = com.innsmap.SYPageControlView;
				PRODUCT_NAME = "$(TARGET_NAME)";
				TARGETED_DEVICE_FAMILY = "1,2";
			};
			name = Debug;
		};
		735E455222D9675100B22A3C /* Release */ = {
			isa = XCBuildConfiguration;
			buildSettings = {
				ASSETCATALOG_COMPILER_APPICON_NAME = AppIcon;
				CODE_SIGN_STYLE = Automatic;
				DEVELOPMENT_TEAM = GURX554A9Q;
				INFOPLIST_FILE = SYPageControlView/Info.plist;
				LD_RUNPATH_SEARCH_PATHS = (
					"$(inherited)",
					"@executable_path/Frameworks",
				);
				PRODUCT_BUNDLE_IDENTIFIER = com.innsmap.SYPageControlView;
				PRODUCT_NAME = "$(TARGET_NAME)";
				TARGETED_DEVICE_FAMILY = "1,2";
			};
			name = Release;
		};
		735E455422D9675100B22A3C /* Debug */ = {
			isa = XCBuildConfiguration;
			buildSettings = {
				BUNDLE_LOADER = "$(TEST_HOST)";
				CODE_SIGN_STYLE = Automatic;
				DEVELOPMENT_TEAM = 383X949BZ7;
				INFOPLIST_FILE = SYPageControlViewTests/Info.plist;
				LD_RUNPATH_SEARCH_PATHS = (
					"$(inherited)",
					"@executable_path/Frameworks",
					"@loader_path/Frameworks",
				);
				PRODUCT_BUNDLE_IDENTIFIER = com.innsmap.SYPageControlViewTests;
				PRODUCT_NAME = "$(TARGET_NAME)";
				TARGETED_DEVICE_FAMILY = "1,2";
				TEST_HOST = "$(BUILT_PRODUCTS_DIR)/SYPageControlView.app/SYPageControlView";
			};
			name = Debug;
		};
		735E455522D9675100B22A3C /* Release */ = {
			isa = XCBuildConfiguration;
			buildSettings = {
				BUNDLE_LOADER = "$(TEST_HOST)";
				CODE_SIGN_STYLE = Automatic;
				DEVELOPMENT_TEAM = 383X949BZ7;
				INFOPLIST_FILE = SYPageControlViewTests/Info.plist;
				LD_RUNPATH_SEARCH_PATHS = (
					"$(inherited)",
					"@executable_path/Frameworks",
					"@loader_path/Frameworks",
				);
				PRODUCT_BUNDLE_IDENTIFIER = com.innsmap.SYPageControlViewTests;
				PRODUCT_NAME = "$(TARGET_NAME)";
				TARGETED_DEVICE_FAMILY = "1,2";
				TEST_HOST = "$(BUILT_PRODUCTS_DIR)/SYPageControlView.app/SYPageControlView";
			};
			name = Release;
		};
		735E455722D9675100B22A3C /* Debug */ = {
			isa = XCBuildConfiguration;
			buildSettings = {
				CODE_SIGN_STYLE = Automatic;
				DEVELOPMENT_TEAM = 383X949BZ7;
				INFOPLIST_FILE = SYPageControlViewUITests/Info.plist;
				LD_RUNPATH_SEARCH_PATHS = (
					"$(inherited)",
					"@executable_path/Frameworks",
					"@loader_path/Frameworks",
				);
				PRODUCT_BUNDLE_IDENTIFIER = com.innsmap.SYPageControlViewUITests;
				PRODUCT_NAME = "$(TARGET_NAME)";
				TARGETED_DEVICE_FAMILY = "1,2";
				TEST_TARGET_NAME = SYPageControlView;
			};
			name = Debug;
		};
		735E455822D9675100B22A3C /* Release */ = {
			isa = XCBuildConfiguration;
			buildSettings = {
				CODE_SIGN_STYLE = Automatic;
				DEVELOPMENT_TEAM = 383X949BZ7;
				INFOPLIST_FILE = SYPageControlViewUITests/Info.plist;
				LD_RUNPATH_SEARCH_PATHS = (
					"$(inherited)",
					"@executable_path/Frameworks",
					"@loader_path/Frameworks",
				);
				PRODUCT_BUNDLE_IDENTIFIER = com.innsmap.SYPageControlViewUITests;
				PRODUCT_NAME = "$(TARGET_NAME)";
				TARGETED_DEVICE_FAMILY = "1,2";
				TEST_TARGET_NAME = SYPageControlView;
			};
			name = Release;
		};
/* End XCBuildConfiguration section */

/* Begin XCConfigurationList section */
		735E451F22D9674E00B22A3C /* Build configuration list for PBXProject "SYPageControlView" */ = {
			isa = XCConfigurationList;
			buildConfigurations = (
				735E454E22D9675100B22A3C /* Debug */,
				735E454F22D9675100B22A3C /* Release */,
			);
			defaultConfigurationIsVisible = 0;
			defaultConfigurationName = Release;
		};
		735E455022D9675100B22A3C /* Build configuration list for PBXNativeTarget "SYPageControlView" */ = {
			isa = XCConfigurationList;
			buildConfigurations = (
				735E455122D9675100B22A3C /* Debug */,
				735E455222D9675100B22A3C /* Release */,
			);
			defaultConfigurationIsVisible = 0;
			defaultConfigurationName = Release;
		};
		735E455322D9675100B22A3C /* Build configuration list for PBXNativeTarget "SYPageControlViewTests" */ = {
			isa = XCConfigurationList;
			buildConfigurations = (
				735E455422D9675100B22A3C /* Debug */,
				735E455522D9675100B22A3C /* Release */,
			);
			defaultConfigurationIsVisible = 0;
			defaultConfigurationName = Release;
		};
		735E455622D9675100B22A3C /* Build configuration list for PBXNativeTarget "SYPageControlViewUITests" */ = {
			isa = XCConfigurationList;
			buildConfigurations = (
				735E455722D9675100B22A3C /* Debug */,
				735E455822D9675100B22A3C /* Release */,
			);
			defaultConfigurationIsVisible = 0;
			defaultConfigurationName = Release;
		};
/* End XCConfigurationList section */
	};
	rootObject = 735E451C22D9674E00B22A3C /* Project object */;
}
